{
  "version": 4,
  "terraform_version": "1.9.8",
  "serial": 23,
  "lineage": "02535ed2-7f47-a31e-a0d1-8b92487e4fb2",
  "outputs": {},
  "resources": [
    {
      "mode": "managed",
      "type": "google_compute_network",
      "name": "custom_vpc",
      "provider": "provider[\"registry.terraform.io/hashicorp/google\"]",
      "instances": [
        {
          "schema_version": 0,
          "attributes": {
            "auto_create_subnetworks": true,
            "delete_default_routes_on_create": false,
            "description": "",
            "enable_ula_internal_ipv6": false,
            "gateway_ipv4": "",
            "id": "projects/interview-project-442915/global/networks/kubernetes-vpc",
            "internal_ipv6_range": "",
            "mtu": 0,
            "name": "kubernetes-vpc",
            "network_firewall_policy_enforcement_order": "AFTER_CLASSIC_FIREWALL",
            "numeric_id": "5911289360916515181",
            "project": "interview-project-442915",
            "routing_mode": "REGIONAL",
            "self_link": "https://www.googleapis.com/compute/v1/projects/interview-project-442915/global/networks/kubernetes-vpc",
            "timeouts": null
          },
          "sensitive_attributes": [],
          "private": "eyJlMmJmYjczMC1lY2FhLTExZTYtOGY4OC0zNDM2M2JjN2M0YzAiOnsiY3JlYXRlIjoxMjAwMDAwMDAwMDAwLCJkZWxldGUiOjEyMDAwMDAwMDAwMDAsInVwZGF0ZSI6MTIwMDAwMDAwMDAwMH19"
        }
      ]
    },
    {
      "mode": "managed",
      "type": "google_compute_subnetwork",
      "name": "application_subnet",
      "provider": "provider[\"registry.terraform.io/hashicorp/google\"]",
      "instances": [
        {
          "schema_version": 0,
          "attributes": {
            "creation_timestamp": "2024-12-07T03:55:46.602-08:00",
            "description": "",
            "external_ipv6_prefix": "",
            "fingerprint": null,
            "gateway_address": "10.2.0.1",
            "id": "projects/interview-project-442915/regions/us-central1/subnetworks/application-subnet",
            "internal_ipv6_prefix": "",
            "ip_cidr_range": "10.2.0.0/16",
            "ipv6_access_type": "",
            "ipv6_cidr_range": "",
            "log_config": [],
            "name": "application-subnet",
            "network": "https://www.googleapis.com/compute/v1/projects/interview-project-442915/global/networks/kubernetes-vpc",
            "private_ip_google_access": true,
            "private_ipv6_google_access": "DISABLE_GOOGLE_ACCESS",
            "project": "interview-project-442915",
            "purpose": "PRIVATE",
            "region": "us-central1",
            "reserved_internal_range": "",
            "role": "",
            "secondary_ip_range": [],
            "self_link": "https://www.googleapis.com/compute/v1/projects/interview-project-442915/regions/us-central1/subnetworks/application-subnet",
            "send_secondary_ip_range_if_empty": null,
            "stack_type": "IPV4_ONLY",
            "timeouts": null
          },
          "sensitive_attributes": [],
          "private": "eyJlMmJmYjczMC1lY2FhLTExZTYtOGY4OC0zNDM2M2JjN2M0YzAiOnsiY3JlYXRlIjoxMjAwMDAwMDAwMDAwLCJkZWxldGUiOjEyMDAwMDAwMDAwMDAsInVwZGF0ZSI6MTIwMDAwMDAwMDAwMH19",
          "dependencies": [
            "google_compute_network.custom_vpc"
          ]
        }
      ]
    },
    {
      "mode": "managed",
      "type": "google_compute_subnetwork",
      "name": "management_subnet",
      "provider": "provider[\"registry.terraform.io/hashicorp/google\"]",
      "instances": [
        {
          "schema_version": 0,
          "attributes": {
            "creation_timestamp": "2024-12-07T03:55:47.682-08:00",
            "description": "",
            "external_ipv6_prefix": "",
            "fingerprint": null,
            "gateway_address": "10.1.0.1",
            "id": "projects/interview-project-442915/regions/us-central1/subnetworks/management-subnet",
            "internal_ipv6_prefix": "",
            "ip_cidr_range": "10.1.0.0/16",
            "ipv6_access_type": "",
            "ipv6_cidr_range": "",
            "log_config": [],
            "name": "management-subnet",
            "network": "https://www.googleapis.com/compute/v1/projects/interview-project-442915/global/networks/kubernetes-vpc",
            "private_ip_google_access": true,
            "private_ipv6_google_access": "DISABLE_GOOGLE_ACCESS",
            "project": "interview-project-442915",
            "purpose": "PRIVATE",
            "region": "us-central1",
            "reserved_internal_range": "",
            "role": "",
            "secondary_ip_range": [],
            "self_link": "https://www.googleapis.com/compute/v1/projects/interview-project-442915/regions/us-central1/subnetworks/management-subnet",
            "send_secondary_ip_range_if_empty": null,
            "stack_type": "IPV4_ONLY",
            "timeouts": null
          },
          "sensitive_attributes": [],
          "private": "eyJlMmJmYjczMC1lY2FhLTExZTYtOGY4OC0zNDM2M2JjN2M0YzAiOnsiY3JlYXRlIjoxMjAwMDAwMDAwMDAwLCJkZWxldGUiOjEyMDAwMDAwMDAwMDAsInVwZGF0ZSI6MTIwMDAwMDAwMDAwMH19",
          "dependencies": [
            "google_compute_network.custom_vpc"
          ]
        }
      ]
    },
    {
      "mode": "managed",
      "type": "google_container_cluster",
      "name": "application_cluster",
      "provider": "provider[\"registry.terraform.io/hashicorp/google\"]",
      "instances": [
        {
          "schema_version": 2,
          "attributes": {
            "addons_config": [
              {
                "cloudrun_config": [],
                "config_connector_config": [],
                "dns_cache_config": [],
                "gce_persistent_disk_csi_driver_config": [
                  {
                    "enabled": true
                  }
                ],
                "gcp_filestore_csi_driver_config": [],
                "gcs_fuse_csi_driver_config": [],
                "gke_backup_agent_config": [],
                "horizontal_pod_autoscaling": [],
                "http_load_balancing": [],
                "network_policy_config": [
                  {
                    "disabled": true
                  }
                ],
                "parallelstore_csi_driver_config": [],
                "ray_operator_config": [],
                "stateful_ha_config": []
              }
            ],
            "allow_net_admin": null,
            "authenticator_groups_config": [],
            "binary_authorization": [
              {
                "enabled": false,
                "evaluation_mode": ""
              }
            ],
            "cluster_autoscaling": [
              {
                "auto_provisioning_defaults": [],
                "auto_provisioning_locations": [],
                "autoscaling_profile": "BALANCED",
                "enabled": false,
                "resource_limits": []
              }
            ],
            "cluster_ipv4_cidr": "10.32.0.0/14",
            "confidential_nodes": [],
            "control_plane_endpoints_config": [
              {
                "dns_endpoint_config": [
                  {
                    "allow_external_traffic": false,
                    "endpoint": "gke-cb3464d77ad2458c91bc7b252d637ff12b2b-437821142551.us-central1.gke.goog"
                  }
                ]
              }
            ],
            "cost_management_config": [],
            "database_encryption": [
              {
                "key_name": "",
                "state": "DECRYPTED"
              }
            ],
            "datapath_provider": "",
            "default_max_pods_per_node": 110,
            "default_snat_status": [
              {
                "disabled": false
              }
            ],
            "deletion_protection": false,
            "description": "",
            "dns_config": [],
            "effective_labels": {
              "goog-terraform-provisioned": "true"
            },
            "enable_autopilot": false,
            "enable_cilium_clusterwide_network_policy": false,
            "enable_intranode_visibility": false,
            "enable_k8s_beta_apis": [],
            "enable_kubernetes_alpha": false,
            "enable_l4_ilb_subsetting": false,
            "enable_legacy_abac": false,
            "enable_multi_networking": false,
            "enable_shielded_nodes": true,
            "enable_tpu": false,
            "endpoint": "35.224.198.79",
            "fleet": [],
            "gateway_api_config": [],
            "id": "projects/interview-project-442915/locations/us-central1/clusters/application-cluster",
            "identity_service_config": [],
            "initial_node_count": 1,
            "ip_allocation_policy": [
              {
                "additional_pod_ranges_config": [],
                "cluster_ipv4_cidr_block": "10.32.0.0/14",
                "cluster_secondary_range_name": "gke-application-cluster-pods-cb3464d7",
                "pod_cidr_overprovision_config": [
                  {
                    "disabled": false
                  }
                ],
                "services_ipv4_cidr_block": "34.118.224.0/20",
                "services_secondary_range_name": "",
                "stack_type": "IPV4"
              }
            ],
            "label_fingerprint": "78cdf2f6",
            "location": "us-central1",
            "logging_config": [
              {
                "enable_components": [
                  "SYSTEM_COMPONENTS",
                  "WORKLOADS"
                ]
              }
            ],
            "logging_service": "logging.googleapis.com/kubernetes",
            "maintenance_policy": [],
            "master_auth": [
              {
                "client_certificate": "",
                "client_certificate_config": [
                  {
                    "issue_client_certificate": false
                  }
                ],
                "client_key": "",
                "cluster_ca_certificate": "LS0tLS1CRUdJTiBDRVJUSUZJQ0FURS0tLS0tCk1JSUVMRENDQXBTZ0F3SUJBZ0lRVUpVWmZLb1pSZEtHNEhTK1ltUWtoVEFOQmdrcWhraUc5dzBCQVFzRkFEQXYKTVMwd0t3WURWUVFERXlReU5EWXpORGc1TXkweU56azBMVFF3TURndFlXUTBZaTFoWm1FM09EY3laVGxqWTJFdwpJQmNOTWpReE1qQTNNVEV5TVRReFdoZ1BNakExTkRFeE16QXhNakl4TkRGYU1DOHhMVEFyQmdOVkJBTVRKREkwCk5qTTBPRGt6TFRJM09UUXROREF3T0MxaFpEUmlMV0ZtWVRjNE56SmxPV05qWVRDQ0FhSXdEUVlKS29aSWh2Y04KQVFFQkJRQURnZ0dQQURDQ0FZb0NnZ0dCQUtidEVJbVN0TitMeVhtc3ZicEJvckFwdG8wL3h4WU54b3RoSEhnUgo3cWtWVHFyNEgwYWN1VXMxK1AxeVpmQTZHZGRuUFZlVGJhUEt0Snh5Mkw4MEZrTkhFRGF0T1NuT0dkZ3NaMEM1Cit1NVNNTDRzNUNjL0hzQnZzK2ZZSERlUlltRFUyVDQ1SU01VFVuR1ZBcnFCZmtRYTMwMEtHbEpTSSsxV3p0TDMKMmNBYi9DUHVkK2dmSVZudmNmUUV1RjFFU2JjMG55OEtsM281SDFVcndHTE1qZ2hsdTZXZVRJZnhYT1lod2JCYgo5NFpOWnp2L3BkZ3RuS2E4YjUwYklvRkNlOE41YmoyOXNXV1pkeTVGNmJoY0FnWFZYOXJKMXIxYS9HaGtUWHlHCk5yY2RBbXlENjlpQTI2V1RGd1ZndnFySHovLzcxMWhQRTlUa1pMSTd6QTlJQXpNOUdDRmZjWFBwc2FsZ2J0WlkKNnVhbXhHWjV0czlVTVhRZVZnakFVemJJRVQ5U1dxMDNMU2VUU3VtUmN0ZUZ4UUNmdGRoOXpsejM0NWtzb09TTApBclh6akNUUXF3TnRZeTJNQmtkOFUzN2p1SzBPSTRuSnYxb1NOVmphay9DbmF2Q0NXbC9ZbURRVHEva2Y4eVN4CkRjL091MUpKakpKbFBVdFlHVURwUjRWV21RSURBUUFCbzBJd1FEQU9CZ05WSFE4QkFmOEVCQU1DQWdRd0R3WUQKVlIwVEFRSC9CQVV3QXdFQi96QWRCZ05WSFE0RUZnUVVqMGRtTjBWd01rUkgvQVRuWThSRFhhWUFLeUV3RFFZSgpLb1pJaHZjTkFRRUxCUUFEZ2dHQkFET1U5cmN4OU53dFloVys2MkdtaVliRXhGUnF5SXdzU1h3OXR6UEJJaEJDCm5xNXhnN2VnaTh5Y2pYM2tVTFdkcGZ3bWRqZWlNRHl6M3lTc0hXaU9QU0lTSlRJdFlnc2FlWHUyRllnVy9VdVIKSmdmRWZsU0R2OHdaVEc1REF0NFZMcXh6MGd3bm1sY1E5OWdESDlrOWFuY2U5RHBGZnBYeENvQXVuN1JNZ2lIbAptRzNyeTlWeFFqQkxKZ2FMcEpPMFVhdUpJL3BLYmRXUStqRkZwL2tEa29xcWREYTZxUzJMbHY4Vzc4YVhaQ0hXCmdOL2RJN1E5OGVSbC9HVXNiYkNYdHRYbHR0RDVDTjl3ZVBDbGk1enUzZDA5SHBiRHhVM0t4bnRYc3RZRkxoSEIKS1E3aUR3WVUxYmp1MzYvWkM4cENUVVI2LzZYeVIrOXJ1VXBPNVA2N3kvalMwUGVvNksrOVVjdlZnRWJXc0E2egpiSGpNWldXSlQ0T3lKQTEvN01qL0hBVjB1UEVnc3VNVGZMUUNoOXdYbFVJakpINGZlOHVZSGlOaWVzVGhIUU9BCkUyUmh3R2tBOXh4T3ZjN3NMTkFINGxIeUZXSWQwNkg4Y1c3Y2cyUEtlakNOS2dvbVA1TGZ5amVIY2g0QmdwYk8KUUVDN2FtdkpVMjVmT1pQeUFLSnQwZz09Ci0tLS0tRU5EIENFUlRJRklDQVRFLS0tLS0K"
              }
            ],
            "master_authorized_networks_config": [],
            "master_version": "1.30.5-gke.1443001",
            "mesh_certificates": [],
            "min_master_version": null,
            "monitoring_config": [
              {
                "advanced_datapath_observability_config": [
                  {
                    "enable_metrics": false,
                    "enable_relay": false
                  }
                ],
                "enable_components": [
                  "SYSTEM_COMPONENTS",
                  "HPA",
                  "POD",
                  "DAEMONSET",
                  "DEPLOYMENT",
                  "STATEFULSET",
                  "STORAGE",
                  "CADVISOR",
                  "KUBELET"
                ],
                "managed_prometheus": [
                  {
                    "enabled": true
                  }
                ]
              }
            ],
            "monitoring_service": "monitoring.googleapis.com/kubernetes",
            "name": "application-cluster",
            "network": "projects/interview-project-442915/global/networks/kubernetes-vpc",
            "network_policy": [
              {
                "enabled": false,
                "provider": "PROVIDER_UNSPECIFIED"
              }
            ],
            "networking_mode": "VPC_NATIVE",
            "node_config": [
              {
                "advanced_machine_features": [],
                "boot_disk_kms_key": "",
                "confidential_nodes": [],
                "containerd_config": [],
                "disk_size_gb": 30,
                "disk_type": "pd-balanced",
                "effective_taints": [],
                "enable_confidential_storage": false,
                "ephemeral_storage_local_ssd_config": [],
                "fast_socket": [],
                "gcfs_config": [],
                "guest_accelerator": [],
                "gvnic": [],
                "host_maintenance_policy": [],
                "image_type": "COS_CONTAINERD",
                "kubelet_config": [],
                "labels": {},
                "linux_node_config": [],
                "local_nvme_ssd_block_config": [],
                "local_ssd_count": 0,
                "logging_variant": "DEFAULT",
                "machine_type": "e2-small",
                "metadata": {
                  "disable-legacy-endpoints": "true"
                },
                "min_cpu_platform": "",
                "node_group": "",
                "oauth_scopes": [
                  "https://www.googleapis.com/auth/cloud-platform"
                ],
                "preemptible": false,
                "reservation_affinity": [],
                "resource_labels": null,
                "resource_manager_tags": null,
                "secondary_boot_disks": [],
                "service_account": "default",
                "shielded_instance_config": [
                  {
                    "enable_integrity_monitoring": true,
                    "enable_secure_boot": false
                  }
                ],
                "sole_tenant_config": [],
                "spot": false,
                "storage_pools": null,
                "tags": null,
                "taint": [],
                "workload_metadata_config": []
              }
            ],
            "node_locations": [
              "us-central1-a",
              "us-central1-b",
              "us-central1-f"
            ],
            "node_pool": [
              {
                "autoscaling": [],
                "initial_node_count": 1,
                "instance_group_urls": [
                  "https://www.googleapis.com/compute/v1/projects/interview-project-442915/zones/us-central1-f/instanceGroupManagers/gke-application-cluster-default-pool-34e7203f-grp",
                  "https://www.googleapis.com/compute/v1/projects/interview-project-442915/zones/us-central1-b/instanceGroupManagers/gke-application-cluster-default-pool-14dcd3b6-grp",
                  "https://www.googleapis.com/compute/v1/projects/interview-project-442915/zones/us-central1-a/instanceGroupManagers/gke-application-cluster-default-pool-62c43b99-grp"
                ],
                "managed_instance_group_urls": [
                  "https://www.googleapis.com/compute/v1/projects/interview-project-442915/zones/us-central1-f/instanceGroups/gke-application-cluster-default-pool-34e7203f-grp",
                  "https://www.googleapis.com/compute/v1/projects/interview-project-442915/zones/us-central1-b/instanceGroups/gke-application-cluster-default-pool-14dcd3b6-grp",
                  "https://www.googleapis.com/compute/v1/projects/interview-project-442915/zones/us-central1-a/instanceGroups/gke-application-cluster-default-pool-62c43b99-grp"
                ],
                "management": [
                  {
                    "auto_repair": true,
                    "auto_upgrade": true
                  }
                ],
                "max_pods_per_node": 110,
                "name": "default-pool",
                "name_prefix": "",
                "network_config": [
                  {
                    "additional_node_network_configs": [],
                    "additional_pod_network_configs": [],
                    "create_pod_range": false,
                    "enable_private_nodes": false,
                    "network_performance_config": [],
                    "pod_cidr_overprovision_config": [],
                    "pod_ipv4_cidr_block": "10.32.0.0/14",
                    "pod_range": "gke-application-cluster-pods-cb3464d7"
                  }
                ],
                "node_config": [
                  {
                    "advanced_machine_features": [],
                    "boot_disk_kms_key": "",
                    "confidential_nodes": [],
                    "containerd_config": [],
                    "disk_size_gb": 30,
                    "disk_type": "pd-balanced",
                    "effective_taints": [],
                    "enable_confidential_storage": false,
                    "ephemeral_storage_local_ssd_config": [],
                    "fast_socket": [],
                    "gcfs_config": [],
                    "guest_accelerator": [],
                    "gvnic": [],
                    "host_maintenance_policy": [],
                    "image_type": "COS_CONTAINERD",
                    "kubelet_config": [],
                    "labels": {},
                    "linux_node_config": [],
                    "local_nvme_ssd_block_config": [],
                    "local_ssd_count": 0,
                    "logging_variant": "DEFAULT",
                    "machine_type": "e2-small",
                    "metadata": {
                      "disable-legacy-endpoints": "true"
                    },
                    "min_cpu_platform": "",
                    "node_group": "",
                    "oauth_scopes": [
                      "https://www.googleapis.com/auth/cloud-platform"
                    ],
                    "preemptible": false,
                    "reservation_affinity": [],
                    "resource_labels": {},
                    "resource_manager_tags": {},
                    "secondary_boot_disks": [],
                    "service_account": "default",
                    "shielded_instance_config": [
                      {
                        "enable_integrity_monitoring": true,
                        "enable_secure_boot": false
                      }
                    ],
                    "sole_tenant_config": [],
                    "spot": false,
                    "storage_pools": [],
                    "tags": [],
                    "taint": [],
                    "workload_metadata_config": []
                  }
                ],
                "node_count": 1,
                "node_locations": [
                  "us-central1-a",
                  "us-central1-b",
                  "us-central1-f"
                ],
                "placement_policy": [],
                "queued_provisioning": [],
                "upgrade_settings": [
                  {
                    "blue_green_settings": [],
                    "max_surge": 1,
                    "max_unavailable": 0,
                    "strategy": "SURGE"
                  }
                ],
                "version": "1.30.5-gke.1443001"
              }
            ],
            "node_pool_auto_config": [],
            "node_pool_defaults": [
              {
                "node_config_defaults": [
                  {
                    "containerd_config": [],
                    "gcfs_config": [],
                    "insecure_kubelet_readonly_port_enabled": "FALSE",
                    "logging_variant": "DEFAULT"
                  }
                ]
              }
            ],
            "node_version": "1.30.5-gke.1443001",
            "notification_config": [
              {
                "pubsub": [
                  {
                    "enabled": false,
                    "filter": [],
                    "topic": ""
                  }
                ]
              }
            ],
            "operation": null,
            "private_cluster_config": [
              {
                "enable_private_endpoint": false,
                "enable_private_nodes": false,
                "master_global_access_config": [
                  {
                    "enabled": false
                  }
                ],
                "master_ipv4_cidr_block": "",
                "peering_name": "",
                "private_endpoint": "10.2.0.10",
                "private_endpoint_subnetwork": "",
                "public_endpoint": "35.224.198.79"
              }
            ],
            "private_ipv6_google_access": "",
            "project": "interview-project-442915",
            "release_channel": [
              {
                "channel": "REGULAR"
              }
            ],
            "remove_default_node_pool": null,
            "resource_labels": null,
            "resource_usage_export_config": [],
            "secret_manager_config": [
              {
                "enabled": false
              }
            ],
            "security_posture_config": [
              {
                "mode": "BASIC",
                "vulnerability_mode": "VULNERABILITY_MODE_UNSPECIFIED"
              }
            ],
            "self_link": "https://container.googleapis.com/v1/projects/interview-project-442915/locations/us-central1/clusters/application-cluster",
            "service_external_ips_config": [
              {
                "enabled": false
              }
            ],
            "services_ipv4_cidr": "34.118.224.0/20",
            "subnetwork": "projects/interview-project-442915/regions/us-central1/subnetworks/application-subnet",
            "terraform_labels": {
              "goog-terraform-provisioned": "true"
            },
            "timeouts": null,
            "tpu_ipv4_cidr_block": "",
            "user_managed_keys_config": [],
            "vertical_pod_autoscaling": [],
            "workload_identity_config": []
          },
          "sensitive_attributes": [
            [
              {
                "type": "get_attr",
                "value": "master_auth"
              },
              {
                "type": "index",
                "value": {
                  "value": 0,
                  "type": "number"
                }
              },
              {
                "type": "get_attr",
                "value": "client_key"
              }
            ]
          ],
          "private": "eyJlMmJmYjczMC1lY2FhLTExZTYtOGY4OC0zNDM2M2JjN2M0YzAiOnsiY3JlYXRlIjoyNDAwMDAwMDAwMDAwLCJkZWxldGUiOjI0MDAwMDAwMDAwMDAsInJlYWQiOjI0MDAwMDAwMDAwMDAsInVwZGF0ZSI6MzYwMDAwMDAwMDAwMH0sInNjaGVtYV92ZXJzaW9uIjoiMiJ9",
          "dependencies": [
            "google_compute_network.custom_vpc",
            "google_compute_subnetwork.application_subnet"
          ]
        }
      ]
    },
    {
      "mode": "managed",
      "type": "google_container_cluster",
      "name": "management_cluster",
      "provider": "provider[\"registry.terraform.io/hashicorp/google\"]",
      "instances": [
        {
          "schema_version": 2,
          "attributes": {
            "addons_config": [
              {
                "cloudrun_config": [],
                "config_connector_config": [],
                "dns_cache_config": [],
                "gce_persistent_disk_csi_driver_config": [
                  {
                    "enabled": true
                  }
                ],
                "gcp_filestore_csi_driver_config": [],
                "gcs_fuse_csi_driver_config": [],
                "gke_backup_agent_config": [],
                "horizontal_pod_autoscaling": [],
                "http_load_balancing": [],
                "network_policy_config": [
                  {
                    "disabled": true
                  }
                ],
                "parallelstore_csi_driver_config": [],
                "ray_operator_config": [],
                "stateful_ha_config": []
              }
            ],
            "allow_net_admin": null,
            "authenticator_groups_config": [],
            "binary_authorization": [
              {
                "enabled": false,
                "evaluation_mode": ""
              }
            ],
            "cluster_autoscaling": [
              {
                "auto_provisioning_defaults": [],
                "auto_provisioning_locations": [],
                "autoscaling_profile": "BALANCED",
                "enabled": false,
                "resource_limits": []
              }
            ],
            "cluster_ipv4_cidr": "10.96.0.0/14",
            "confidential_nodes": [],
            "control_plane_endpoints_config": [
              {
                "dns_endpoint_config": [
                  {
                    "allow_external_traffic": false,
                    "endpoint": "gke-65e9f19548bc4ddfa73f8b28ecb87fb07a19-437821142551.us-central1.gke.goog"
                  }
                ]
              }
            ],
            "cost_management_config": [],
            "database_encryption": [
              {
                "key_name": "",
                "state": "DECRYPTED"
              }
            ],
            "datapath_provider": "",
            "default_max_pods_per_node": 110,
            "default_snat_status": [
              {
                "disabled": false
              }
            ],
            "deletion_protection": false,
            "description": "",
            "dns_config": [],
            "effective_labels": {
              "goog-terraform-provisioned": "true"
            },
            "enable_autopilot": false,
            "enable_cilium_clusterwide_network_policy": false,
            "enable_intranode_visibility": false,
            "enable_k8s_beta_apis": [],
            "enable_kubernetes_alpha": false,
            "enable_l4_ilb_subsetting": false,
            "enable_legacy_abac": false,
            "enable_multi_networking": false,
            "enable_shielded_nodes": true,
            "enable_tpu": false,
            "endpoint": "35.232.70.208",
            "fleet": [],
            "gateway_api_config": [],
            "id": "projects/interview-project-442915/locations/us-central1/clusters/management-cluster",
            "identity_service_config": [],
            "initial_node_count": 1,
            "ip_allocation_policy": [
              {
                "additional_pod_ranges_config": [],
                "cluster_ipv4_cidr_block": "10.96.0.0/14",
                "cluster_secondary_range_name": "gke-management-cluster-pods-65e9f195",
                "pod_cidr_overprovision_config": [
                  {
                    "disabled": false
                  }
                ],
                "services_ipv4_cidr_block": "34.118.224.0/20",
                "services_secondary_range_name": "",
                "stack_type": "IPV4"
              }
            ],
            "label_fingerprint": "78cdf2f6",
            "location": "us-central1",
            "logging_config": [
              {
                "enable_components": [
                  "SYSTEM_COMPONENTS",
                  "WORKLOADS"
                ]
              }
            ],
            "logging_service": "logging.googleapis.com/kubernetes",
            "maintenance_policy": [],
            "master_auth": [
              {
                "client_certificate": "",
                "client_certificate_config": [
                  {
                    "issue_client_certificate": false
                  }
                ],
                "client_key": "",
                "cluster_ca_certificate": "LS0tLS1CRUdJTiBDRVJUSUZJQ0FURS0tLS0tCk1JSUVMRENDQXBTZ0F3SUJBZ0lRSHR0bWdaNHJKMHpROXVqMVlDWCtiREFOQmdrcWhraUc5dzBCQVFzRkFEQXYKTVMwd0t3WURWUVFERXlSbE1qTXhaamcwWlMxbE1qY3pMVFEwTlRVdE9UTTRNQzA0T0RFM056QTFPVFJqWlRRdwpJQmNOTWpReE1qQTNNVEV5TVRReldoZ1BNakExTkRFeE16QXhNakl4TkROYU1DOHhMVEFyQmdOVkJBTVRKR1V5Ck16Rm1PRFJsTFdVeU56TXRORFExTlMwNU16Z3dMVGc0TVRjM01EVTVOR05sTkRDQ0FhSXdEUVlKS29aSWh2Y04KQVFFQkJRQURnZ0dQQURDQ0FZb0NnZ0dCQUxqa210a2ZPZG9LY05KVTJZSkZ3YlBxL0dmeGpTSmpJSG1NWUFvLwpWMGZONlFwdVRxckluUjFsUHBMMHNoNDZNTHpaNzdTYjAzaURqMGpDSmN5VFRVRS9RWXhMUWVORjhuc05CbzNvCm9LZEtyK0RzdHZpalRLaXFqSVYzejlJU1R3bDEvK29GZGNuV0x2QlRvRkllT2dWSUhWZk9jbDhRL20xM0tIcDkKaElGbFhHV25UUnRTWFJsWmJvR1JwVm5GeXpucklVV09HVmk3emRwSUFTb20wd3V4SlBXVDZpMEFETXd4b3BZTgpuQ3B2TEFEaXZWaGptWHljaGlFVWxmUnE5c0lKa3pNL2RjdFNCaDQ1UloxaE5WK05LOTRPMTZXODVCYlh3bWRsCm5EOFpMRE45T1pDNWEzc2ttVnlaT1VwVUJmMXZZZFFqdGRTVGhXSkhDb21oV0lFTWEyRDA4WWdtVUxvdVRsNFoKVWNNODlRMUIvTTdrMWdGc09ab203bFh1STExcEVuaVFra3RvK25GRlR1WnRtOVMzakJhd0ZmK1VEQ04rc24wYgpRNTdjSGZyclVtTHQ1TjMxOVJ5NjByMjQxZzdpdHA1RGxUOGxGN0hXUzQ5V3dYd05tNlJUbVk0TFFySGQ2UVl5CkIySmJ6SG13eG1ZdTVuemdmTUhCTmltR013SURBUUFCbzBJd1FEQU9CZ05WSFE4QkFmOEVCQU1DQWdRd0R3WUQKVlIwVEFRSC9CQVV3QXdFQi96QWRCZ05WSFE0RUZnUVU5V2ZLOElCMTFQWCtKRnFYemRqdjBXenRKQU13RFFZSgpLb1pJaHZjTkFRRUxCUUFEZ2dHQkFGdmRUdU5ySkFuYnpLZitJaDFYQjh0TTNKTTdkWnJwTXMvcEJGcDNrbjJ1ClFzRVZuSnNCanQ0ZFRoR2l5M3FTMlNMK2EwejFVTnc2dlRhbk45MTFwRWFvbjNZdU52eUFJaTg4SHhTV1c3WnUKNkpVU1R1YmQ1M1N2WXVFRU9OaStteTk1dlJVTWE0NytNb1JYYWtTVVg5TDIxZ2ZMTG1QUzVjVENvUStXdS9KTgpzS2hwR0dLcEFQcVh6eDJ6UDFuUUNyeFJjc20vNWZqTW53dFZoY3gzREZHRXQ3Nk9hT3VGYi9NWHE0NlZNR01kCldsWVNnRHdCaGswYWRpTjFPL3VwZk5oWm44TXhJN0k4WTdEMVJCWlhnWG52S1paRCtwMFcyUnZjL3h2NXJkdlMKK0ppREt4RzVFdjh5bWVRcVdmc0QvZFh0Qkt0RGc5bXA5azAxeXJIQmNGYW9QUDZZVmtXTGp6ZVgwMWdnVHV5VQpsRkFwSzNHNnYrUFBsQ2s1bGZUU3JiRzBtOFQwVmdhZ0NERGNsMjZFZU5zaTV5ZmpmMWZRZWNSWjBrY2h2UFYvCjV1SzRkaDJvaUJudFpWUmltd0tad2x1RS9aelU1YjJtQkw0aTBnWEYyUklqaU5tTUxYcnpyQmx2Z1ZDWGFBc2YKcit3MEJsajVORG4zK0VNRkFoZGZEUT09Ci0tLS0tRU5EIENFUlRJRklDQVRFLS0tLS0K"
              }
            ],
            "master_authorized_networks_config": [],
            "master_version": "1.30.5-gke.1443001",
            "mesh_certificates": [],
            "min_master_version": null,
            "monitoring_config": [
              {
                "advanced_datapath_observability_config": [
                  {
                    "enable_metrics": false,
                    "enable_relay": false
                  }
                ],
                "enable_components": [
                  "SYSTEM_COMPONENTS",
                  "STORAGE",
                  "HPA",
                  "POD",
                  "DAEMONSET",
                  "DEPLOYMENT",
                  "STATEFULSET",
                  "CADVISOR",
                  "KUBELET"
                ],
                "managed_prometheus": [
                  {
                    "enabled": true
                  }
                ]
              }
            ],
            "monitoring_service": "monitoring.googleapis.com/kubernetes",
            "name": "management-cluster",
            "network": "projects/interview-project-442915/global/networks/kubernetes-vpc",
            "network_policy": [
              {
                "enabled": false,
                "provider": "PROVIDER_UNSPECIFIED"
              }
            ],
            "networking_mode": "VPC_NATIVE",
            "node_config": [
              {
                "advanced_machine_features": [],
                "boot_disk_kms_key": "",
                "confidential_nodes": [],
                "containerd_config": [],
                "disk_size_gb": 30,
                "disk_type": "pd-balanced",
                "effective_taints": [],
                "enable_confidential_storage": false,
                "ephemeral_storage_local_ssd_config": [],
                "fast_socket": [],
                "gcfs_config": [],
                "guest_accelerator": [],
                "gvnic": [],
                "host_maintenance_policy": [],
                "image_type": "COS_CONTAINERD",
                "kubelet_config": [],
                "labels": {},
                "linux_node_config": [],
                "local_nvme_ssd_block_config": [],
                "local_ssd_count": 0,
                "logging_variant": "DEFAULT",
                "machine_type": "e2-small",
                "metadata": {
                  "disable-legacy-endpoints": "true"
                },
                "min_cpu_platform": "",
                "node_group": "",
                "oauth_scopes": [
                  "https://www.googleapis.com/auth/cloud-platform"
                ],
                "preemptible": false,
                "reservation_affinity": [],
                "resource_labels": null,
                "resource_manager_tags": null,
                "secondary_boot_disks": [],
                "service_account": "default",
                "shielded_instance_config": [
                  {
                    "enable_integrity_monitoring": true,
                    "enable_secure_boot": false
                  }
                ],
                "sole_tenant_config": [],
                "spot": false,
                "storage_pools": null,
                "tags": null,
                "taint": [],
                "workload_metadata_config": []
              }
            ],
            "node_locations": [
              "us-central1-b",
              "us-central1-c",
              "us-central1-f"
            ],
            "node_pool": [
              {
                "autoscaling": [],
                "initial_node_count": 1,
                "instance_group_urls": [
                  "https://www.googleapis.com/compute/v1/projects/interview-project-442915/zones/us-central1-b/instanceGroupManagers/gke-management-cluster-default-pool-266cf16f-grp",
                  "https://www.googleapis.com/compute/v1/projects/interview-project-442915/zones/us-central1-f/instanceGroupManagers/gke-management-cluster-default-pool-737463ea-grp",
                  "https://www.googleapis.com/compute/v1/projects/interview-project-442915/zones/us-central1-c/instanceGroupManagers/gke-management-cluster-default-pool-e985fb35-grp"
                ],
                "managed_instance_group_urls": [
                  "https://www.googleapis.com/compute/v1/projects/interview-project-442915/zones/us-central1-b/instanceGroups/gke-management-cluster-default-pool-266cf16f-grp",
                  "https://www.googleapis.com/compute/v1/projects/interview-project-442915/zones/us-central1-f/instanceGroups/gke-management-cluster-default-pool-737463ea-grp",
                  "https://www.googleapis.com/compute/v1/projects/interview-project-442915/zones/us-central1-c/instanceGroups/gke-management-cluster-default-pool-e985fb35-grp"
                ],
                "management": [
                  {
                    "auto_repair": true,
                    "auto_upgrade": true
                  }
                ],
                "max_pods_per_node": 110,
                "name": "default-pool",
                "name_prefix": "",
                "network_config": [
                  {
                    "additional_node_network_configs": [],
                    "additional_pod_network_configs": [],
                    "create_pod_range": false,
                    "enable_private_nodes": false,
                    "network_performance_config": [],
                    "pod_cidr_overprovision_config": [],
                    "pod_ipv4_cidr_block": "10.96.0.0/14",
                    "pod_range": "gke-management-cluster-pods-65e9f195"
                  }
                ],
                "node_config": [
                  {
                    "advanced_machine_features": [],
                    "boot_disk_kms_key": "",
                    "confidential_nodes": [],
                    "containerd_config": [],
                    "disk_size_gb": 30,
                    "disk_type": "pd-balanced",
                    "effective_taints": [],
                    "enable_confidential_storage": false,
                    "ephemeral_storage_local_ssd_config": [],
                    "fast_socket": [],
                    "gcfs_config": [],
                    "guest_accelerator": [],
                    "gvnic": [],
                    "host_maintenance_policy": [],
                    "image_type": "COS_CONTAINERD",
                    "kubelet_config": [],
                    "labels": {},
                    "linux_node_config": [],
                    "local_nvme_ssd_block_config": [],
                    "local_ssd_count": 0,
                    "logging_variant": "DEFAULT",
                    "machine_type": "e2-small",
                    "metadata": {
                      "disable-legacy-endpoints": "true"
                    },
                    "min_cpu_platform": "",
                    "node_group": "",
                    "oauth_scopes": [
                      "https://www.googleapis.com/auth/cloud-platform"
                    ],
                    "preemptible": false,
                    "reservation_affinity": [],
                    "resource_labels": {},
                    "resource_manager_tags": {},
                    "secondary_boot_disks": [],
                    "service_account": "default",
                    "shielded_instance_config": [
                      {
                        "enable_integrity_monitoring": true,
                        "enable_secure_boot": false
                      }
                    ],
                    "sole_tenant_config": [],
                    "spot": false,
                    "storage_pools": [],
                    "tags": [],
                    "taint": [],
                    "workload_metadata_config": []
                  }
                ],
                "node_count": 1,
                "node_locations": [
                  "us-central1-b",
                  "us-central1-c",
                  "us-central1-f"
                ],
                "placement_policy": [],
                "queued_provisioning": [],
                "upgrade_settings": [
                  {
                    "blue_green_settings": [],
                    "max_surge": 1,
                    "max_unavailable": 0,
                    "strategy": "SURGE"
                  }
                ],
                "version": "1.30.5-gke.1443001"
              }
            ],
            "node_pool_auto_config": [],
            "node_pool_defaults": [
              {
                "node_config_defaults": [
                  {
                    "containerd_config": [],
                    "gcfs_config": [],
                    "insecure_kubelet_readonly_port_enabled": "FALSE",
                    "logging_variant": "DEFAULT"
                  }
                ]
              }
            ],
            "node_version": "1.30.5-gke.1443001",
            "notification_config": [
              {
                "pubsub": [
                  {
                    "enabled": false,
                    "filter": [],
                    "topic": ""
                  }
                ]
              }
            ],
            "operation": null,
            "private_cluster_config": [
              {
                "enable_private_endpoint": false,
                "enable_private_nodes": false,
                "master_global_access_config": [
                  {
                    "enabled": false
                  }
                ],
                "master_ipv4_cidr_block": "",
                "peering_name": "",
                "private_endpoint": "10.1.0.7",
                "private_endpoint_subnetwork": "",
                "public_endpoint": "35.232.70.208"
              }
            ],
            "private_ipv6_google_access": "",
            "project": "interview-project-442915",
            "release_channel": [
              {
                "channel": "REGULAR"
              }
            ],
            "remove_default_node_pool": null,
            "resource_labels": null,
            "resource_usage_export_config": [],
            "secret_manager_config": [
              {
                "enabled": false
              }
            ],
            "security_posture_config": [
              {
                "mode": "BASIC",
                "vulnerability_mode": "VULNERABILITY_MODE_UNSPECIFIED"
              }
            ],
            "self_link": "https://container.googleapis.com/v1/projects/interview-project-442915/locations/us-central1/clusters/management-cluster",
            "service_external_ips_config": [
              {
                "enabled": false
              }
            ],
            "services_ipv4_cidr": "34.118.224.0/20",
            "subnetwork": "projects/interview-project-442915/regions/us-central1/subnetworks/management-subnet",
            "terraform_labels": {
              "goog-terraform-provisioned": "true"
            },
            "timeouts": null,
            "tpu_ipv4_cidr_block": "",
            "user_managed_keys_config": [],
            "vertical_pod_autoscaling": [],
            "workload_identity_config": []
          },
          "sensitive_attributes": [
            [
              {
                "type": "get_attr",
                "value": "master_auth"
              },
              {
                "type": "index",
                "value": {
                  "value": 0,
                  "type": "number"
                }
              },
              {
                "type": "get_attr",
                "value": "client_key"
              }
            ]
          ],
          "private": "eyJlMmJmYjczMC1lY2FhLTExZTYtOGY4OC0zNDM2M2JjN2M0YzAiOnsiY3JlYXRlIjoyNDAwMDAwMDAwMDAwLCJkZWxldGUiOjI0MDAwMDAwMDAwMDAsInJlYWQiOjI0MDAwMDAwMDAwMDAsInVwZGF0ZSI6MzYwMDAwMDAwMDAwMH0sInNjaGVtYV92ZXJzaW9uIjoiMiJ9",
          "dependencies": [
            "google_compute_network.custom_vpc",
            "google_compute_subnetwork.management_subnet"
          ]
        }
      ]
    }
  ],
  "check_results": null
}
